
Microsoft Visual Studio Solution File, Format Version 12.00
# Visual Studio Version 17
VisualStudioVersion = 17.5.33502.453
MinimumVisualStudioVersion = 10.0.40219.1
Project("{8BC9CEB8-8B4A-11D0-8D11-00A0C91BC942}") = "cobacobacoba", "cobacobacoba\cobacobacoba.vcxproj", "{6423E7EA-7273-4251-BECB-DB794B60E62C}"
EndProject
Global
	GlobalSection(SolutionConfigurationPlatforms) = preSolution
		Debug|arm64 = Debug|arm64
		Debug|x64 = Debug|x64
		Debug|x86 = Debug|x86
		Release|arm64 = Release|arm64
		Release|x64 = Release|x64
		Release|x86 = Release|x86
	EndGlobalSection
	GlobalSection(ProjectConfigurationPlatforms) = postSolution
		{6423E7EA-7273-4251-BECB-DB794B60E62C}.Debug|arm64.ActiveCfg = Debug|arm64
		{6423E7EA-7273-4251-BECB-DB794B60E62C}.Debug|arm64.Build.0 = Debug|arm64
		{6423E7EA-7273-4251-BECB-DB794B60E62C}.Debug|x64.ActiveCfg = Debug|x64
		{6423E7EA-7273-4251-BECB-DB794B60E62C}.Debug|x64.Build.0 = Debug|x64
		{6423E7EA-7273-4251-BECB-DB794B60E62C}.Debug|x86.ActiveCfg = Debug|Win32
		{6423E7EA-7273-4251-BECB-DB794B60E62C}.Debug|x86.Build.0 = Debug|Win32
		{6423E7EA-7273-4251-BECB-DB794B60E62C}.Release|arm64.ActiveCfg = Release|arm64
		{6423E7EA-7273-4251-BECB-DB794B60E62C}.Release|arm64.Build.0 = Release|arm64
		{6423E7EA-7273-4251-BECB-DB794B60E62C}.Release|x64.ActiveCfg = Release|x64
		{6423E7EA-7273-4251-BECB-DB794B60E62C}.Release|x64.Build.0 = Release|x64
		{6423E7EA-7273-4251-BECB-DB794B60E62C}.Release|x86.ActiveCfg = Release|Win32
		{6423E7EA-7273-4251-BECB-DB794B60E62C}.Release|x86.Build.0 = Release|Win32
	EndGlobalSection
	GlobalSection(SolutionProperties) = preSolution
		HideSolutionNode = FALSE
	EndGlobalSection
	GlobalSection(ExtensibilityGlobals) = postSolution
		SolutionGuid = {92A4DA82-DD3F-4A65-A9E9-E897834882B1}
	EndGlobalSection
EndGlobal
