
Microsoft Visual Studio Solution File, Format Version 12.00
# Visual Studio Version 17
VisualStudioVersion = 17.5.33502.453
MinimumVisualStudioVersion = 10.0.40219.1
Project("{8BC9CEB8-8B4A-11D0-8D11-00A0C91BC942}") = "polimorphy_virtual", "cobacobacoba\cobacobacoba.vcxproj", "{6423E7EA-7273-4251-BECB-DB794B60E62C}"
EndProject
Project("{8BC9CEB8-8B4A-11D0-8D11-00A0C91BC942}") = "inher_3_class", "pcobalagi\pcobalagi.vcxproj", "{E4B5EC34-38A0-4545-825D-10343E3D77DA}"
EndProject
Project("{8BC9CEB8-8B4A-11D0-8D11-00A0C91BC942}") = "pewarisan_or_inheritance", "pewarisan_or_inheritance\pewarisan_or_inheritance.vcxproj", "{C54A9333-2B77-4BF2-8DF2-A6AD390E6AF4}"
EndProject
Project("{8BC9CEB8-8B4A-11D0-8D11-00A0C91BC942}") = "polimorphy", "polimorphy\polimorphy.vcxproj", "{6471B427-8896-4B3E-8F18-4E3D854F367C}"
EndProject
Project("{8BC9CEB8-8B4A-11D0-8D11-00A0C91BC942}") = "cobacobainher", "cobacobainher\cobacobainher.vcxproj", "{88F90F51-F4A0-4225-9C11-6D8E6F871D1F}"
EndProject
Project("{8BC9CEB8-8B4A-11D0-8D11-00A0C91BC942}") = "hitungan_pake_inheritance", "hitungan_pake_inheritance\hitungan_pake_inheritance.vcxproj", "{DFCF72DC-72AB-418F-A649-E69369A86020}"
EndProject
Project("{8BC9CEB8-8B4A-11D0-8D11-00A0C91BC942}") = "polimorphy_operator", "polimorphy_operator\polimorphy_operator.vcxproj", "{AE612925-34CF-420C-89C9-8FBE05C67B18}"
EndProject
Project("{8BC9CEB8-8B4A-11D0-8D11-00A0C91BC942}") = "Polimorphy_destruktor", "Polimorphy_destruktor\Polimorphy_destruktor.vcxproj", "{FC3E4BA7-72D2-42B8-B0A1-0C6FE1396E46}"
EndProject
Project("{8BC9CEB8-8B4A-11D0-8D11-00A0C91BC942}") = "Polimorphy_umum_x_destructor", "Polimorphy_umum_x_destructor\Polimorphy_umum_x_destructor.vcxproj", "{3BA59E17-CDCE-44D4-A5FE-6A434D34ED60}"
EndProject
Project("{8BC9CEB8-8B4A-11D0-8D11-00A0C91BC942}") = "polimorphy_destructor2", "polimorphy_destructor2\polimorphy_destructor2.vcxproj", "{CA7BCC7E-EA20-495D-95D3-8EABC7BAD959}"
EndProject
Project("{8BC9CEB8-8B4A-11D0-8D11-00A0C91BC942}") = "polimorphy3", "polimorphy3\polimorphy3.vcxproj", "{FF24BBCB-ECC6-4834-A227-A0DAED23B1BB}"
EndProject
Project("{8BC9CEB8-8B4A-11D0-8D11-00A0C91BC942}") = "polimorphy_hitung2", "polimorphy_hitung2\polimorphy_hitung2.vcxproj", "{ADD21ACC-C5FE-435B-B1B2-347535111B50}"
EndProject
Project("{8BC9CEB8-8B4A-11D0-8D11-00A0C91BC942}") = "polimorphy_abstraction", "polimor\polimor.vcxproj", "{B9B7A6F0-4C35-40E2-AB00-EF3D8EBBFCA6}"
EndProject
Project("{8BC9CEB8-8B4A-11D0-8D11-00A0C91BC942}") = "abstraction2", "abstraction2\abstraction2.vcxproj", "{743487D1-D7D8-4077-8C00-66CC8AF96DE9}"
EndProject
Project("{8BC9CEB8-8B4A-11D0-8D11-00A0C91BC942}") = "inher_abstrack", "inher_abstrack\inher_abstrack.vcxproj", "{B9943472-B091-4535-A12C-23B392C1679F}"
EndProject
Project("{8BC9CEB8-8B4A-11D0-8D11-00A0C91BC942}") = "inher_enkap", "inher_enkap\inher_enkap.vcxproj", "{76AE87F4-A2E9-43B5-A5FD-D792B112C597}"
EndProject
Project("{8BC9CEB8-8B4A-11D0-8D11-00A0C91BC942}") = "polimorphy_enkap", "polimorphy_enkap\polimorphy_enkap.vcxproj", "{BE235057-8246-4C20-BBAE-A3462E2C3C4B}"
EndProject
Project("{8BC9CEB8-8B4A-11D0-8D11-00A0C91BC942}") = "tryaneh", "tryaneh\tryaneh.vcxproj", "{63E868CC-9630-44D3-8CA5-A272F97E6F3B}"
EndProject
Global
	GlobalSection(SolutionConfigurationPlatforms) = preSolution
		Debug|arm64 = Debug|arm64
		Debug|x64 = Debug|x64
		Debug|x86 = Debug|x86
		Release|arm64 = Release|arm64
		Release|x64 = Release|x64
		Release|x86 = Release|x86
	EndGlobalSection
	GlobalSection(ProjectConfigurationPlatforms) = postSolution
		{6423E7EA-7273-4251-BECB-DB794B60E62C}.Debug|arm64.ActiveCfg = Debug|arm64
		{6423E7EA-7273-4251-BECB-DB794B60E62C}.Debug|arm64.Build.0 = Debug|arm64
		{6423E7EA-7273-4251-BECB-DB794B60E62C}.Debug|x64.ActiveCfg = Debug|x64
		{6423E7EA-7273-4251-BECB-DB794B60E62C}.Debug|x64.Build.0 = Debug|x64
		{6423E7EA-7273-4251-BECB-DB794B60E62C}.Debug|x86.ActiveCfg = Debug|Win32
		{6423E7EA-7273-4251-BECB-DB794B60E62C}.Debug|x86.Build.0 = Debug|Win32
		{6423E7EA-7273-4251-BECB-DB794B60E62C}.Release|arm64.ActiveCfg = Release|arm64
		{6423E7EA-7273-4251-BECB-DB794B60E62C}.Release|arm64.Build.0 = Release|arm64
		{6423E7EA-7273-4251-BECB-DB794B60E62C}.Release|x64.ActiveCfg = Release|x64
		{6423E7EA-7273-4251-BECB-DB794B60E62C}.Release|x64.Build.0 = Release|x64
		{6423E7EA-7273-4251-BECB-DB794B60E62C}.Release|x86.ActiveCfg = Release|Win32
		{6423E7EA-7273-4251-BECB-DB794B60E62C}.Release|x86.Build.0 = Release|Win32
		{E4B5EC34-38A0-4545-825D-10343E3D77DA}.Debug|arm64.ActiveCfg = Debug|arm64
		{E4B5EC34-38A0-4545-825D-10343E3D77DA}.Debug|arm64.Build.0 = Debug|arm64
		{E4B5EC34-38A0-4545-825D-10343E3D77DA}.Debug|x64.ActiveCfg = Debug|x64
		{E4B5EC34-38A0-4545-825D-10343E3D77DA}.Debug|x64.Build.0 = Debug|x64
		{E4B5EC34-38A0-4545-825D-10343E3D77DA}.Debug|x86.ActiveCfg = Debug|Win32
		{E4B5EC34-38A0-4545-825D-10343E3D77DA}.Debug|x86.Build.0 = Debug|Win32
		{E4B5EC34-38A0-4545-825D-10343E3D77DA}.Release|arm64.ActiveCfg = Release|arm64
		{E4B5EC34-38A0-4545-825D-10343E3D77DA}.Release|arm64.Build.0 = Release|arm64
		{E4B5EC34-38A0-4545-825D-10343E3D77DA}.Release|x64.ActiveCfg = Release|x64
		{E4B5EC34-38A0-4545-825D-10343E3D77DA}.Release|x64.Build.0 = Release|x64
		{E4B5EC34-38A0-4545-825D-10343E3D77DA}.Release|x86.ActiveCfg = Release|Win32
		{E4B5EC34-38A0-4545-825D-10343E3D77DA}.Release|x86.Build.0 = Release|Win32
		{C54A9333-2B77-4BF2-8DF2-A6AD390E6AF4}.Debug|arm64.ActiveCfg = Debug|arm64
		{C54A9333-2B77-4BF2-8DF2-A6AD390E6AF4}.Debug|arm64.Build.0 = Debug|arm64
		{C54A9333-2B77-4BF2-8DF2-A6AD390E6AF4}.Debug|x64.ActiveCfg = Debug|x64
		{C54A9333-2B77-4BF2-8DF2-A6AD390E6AF4}.Debug|x64.Build.0 = Debug|x64
		{C54A9333-2B77-4BF2-8DF2-A6AD390E6AF4}.Debug|x86.ActiveCfg = Debug|Win32
		{C54A9333-2B77-4BF2-8DF2-A6AD390E6AF4}.Debug|x86.Build.0 = Debug|Win32
		{C54A9333-2B77-4BF2-8DF2-A6AD390E6AF4}.Release|arm64.ActiveCfg = Release|arm64
		{C54A9333-2B77-4BF2-8DF2-A6AD390E6AF4}.Release|arm64.Build.0 = Release|arm64
		{C54A9333-2B77-4BF2-8DF2-A6AD390E6AF4}.Release|x64.ActiveCfg = Release|x64
		{C54A9333-2B77-4BF2-8DF2-A6AD390E6AF4}.Release|x64.Build.0 = Release|x64
		{C54A9333-2B77-4BF2-8DF2-A6AD390E6AF4}.Release|x86.ActiveCfg = Release|Win32
		{C54A9333-2B77-4BF2-8DF2-A6AD390E6AF4}.Release|x86.Build.0 = Release|Win32
		{6471B427-8896-4B3E-8F18-4E3D854F367C}.Debug|arm64.ActiveCfg = Debug|arm64
		{6471B427-8896-4B3E-8F18-4E3D854F367C}.Debug|arm64.Build.0 = Debug|arm64
		{6471B427-8896-4B3E-8F18-4E3D854F367C}.Debug|x64.ActiveCfg = Debug|x64
		{6471B427-8896-4B3E-8F18-4E3D854F367C}.Debug|x64.Build.0 = Debug|x64
		{6471B427-8896-4B3E-8F18-4E3D854F367C}.Debug|x86.ActiveCfg = Debug|Win32
		{6471B427-8896-4B3E-8F18-4E3D854F367C}.Debug|x86.Build.0 = Debug|Win32
		{6471B427-8896-4B3E-8F18-4E3D854F367C}.Release|arm64.ActiveCfg = Release|arm64
		{6471B427-8896-4B3E-8F18-4E3D854F367C}.Release|arm64.Build.0 = Release|arm64
		{6471B427-8896-4B3E-8F18-4E3D854F367C}.Release|x64.ActiveCfg = Release|x64
		{6471B427-8896-4B3E-8F18-4E3D854F367C}.Release|x64.Build.0 = Release|x64
		{6471B427-8896-4B3E-8F18-4E3D854F367C}.Release|x86.ActiveCfg = Release|Win32
		{6471B427-8896-4B3E-8F18-4E3D854F367C}.Release|x86.Build.0 = Release|Win32
		{88F90F51-F4A0-4225-9C11-6D8E6F871D1F}.Debug|arm64.ActiveCfg = Debug|arm64
		{88F90F51-F4A0-4225-9C11-6D8E6F871D1F}.Debug|arm64.Build.0 = Debug|arm64
		{88F90F51-F4A0-4225-9C11-6D8E6F871D1F}.Debug|x64.ActiveCfg = Debug|x64
		{88F90F51-F4A0-4225-9C11-6D8E6F871D1F}.Debug|x64.Build.0 = Debug|x64
		{88F90F51-F4A0-4225-9C11-6D8E6F871D1F}.Debug|x86.ActiveCfg = Debug|Win32
		{88F90F51-F4A0-4225-9C11-6D8E6F871D1F}.Debug|x86.Build.0 = Debug|Win32
		{88F90F51-F4A0-4225-9C11-6D8E6F871D1F}.Release|arm64.ActiveCfg = Release|arm64
		{88F90F51-F4A0-4225-9C11-6D8E6F871D1F}.Release|arm64.Build.0 = Release|arm64
		{88F90F51-F4A0-4225-9C11-6D8E6F871D1F}.Release|x64.ActiveCfg = Release|x64
		{88F90F51-F4A0-4225-9C11-6D8E6F871D1F}.Release|x64.Build.0 = Release|x64
		{88F90F51-F4A0-4225-9C11-6D8E6F871D1F}.Release|x86.ActiveCfg = Release|Win32
		{88F90F51-F4A0-4225-9C11-6D8E6F871D1F}.Release|x86.Build.0 = Release|Win32
		{DFCF72DC-72AB-418F-A649-E69369A86020}.Debug|arm64.ActiveCfg = Debug|arm64
		{DFCF72DC-72AB-418F-A649-E69369A86020}.Debug|arm64.Build.0 = Debug|arm64
		{DFCF72DC-72AB-418F-A649-E69369A86020}.Debug|x64.ActiveCfg = Debug|x64
		{DFCF72DC-72AB-418F-A649-E69369A86020}.Debug|x64.Build.0 = Debug|x64
		{DFCF72DC-72AB-418F-A649-E69369A86020}.Debug|x86.ActiveCfg = Debug|Win32
		{DFCF72DC-72AB-418F-A649-E69369A86020}.Debug|x86.Build.0 = Debug|Win32
		{DFCF72DC-72AB-418F-A649-E69369A86020}.Release|arm64.ActiveCfg = Release|arm64
		{DFCF72DC-72AB-418F-A649-E69369A86020}.Release|arm64.Build.0 = Release|arm64
		{DFCF72DC-72AB-418F-A649-E69369A86020}.Release|x64.ActiveCfg = Release|x64
		{DFCF72DC-72AB-418F-A649-E69369A86020}.Release|x64.Build.0 = Release|x64
		{DFCF72DC-72AB-418F-A649-E69369A86020}.Release|x86.ActiveCfg = Release|Win32
		{DFCF72DC-72AB-418F-A649-E69369A86020}.Release|x86.Build.0 = Release|Win32
		{AE612925-34CF-420C-89C9-8FBE05C67B18}.Debug|arm64.ActiveCfg = Debug|arm64
		{AE612925-34CF-420C-89C9-8FBE05C67B18}.Debug|arm64.Build.0 = Debug|arm64
		{AE612925-34CF-420C-89C9-8FBE05C67B18}.Debug|x64.ActiveCfg = Debug|x64
		{AE612925-34CF-420C-89C9-8FBE05C67B18}.Debug|x64.Build.0 = Debug|x64
		{AE612925-34CF-420C-89C9-8FBE05C67B18}.Debug|x86.ActiveCfg = Debug|Win32
		{AE612925-34CF-420C-89C9-8FBE05C67B18}.Debug|x86.Build.0 = Debug|Win32
		{AE612925-34CF-420C-89C9-8FBE05C67B18}.Release|arm64.ActiveCfg = Release|arm64
		{AE612925-34CF-420C-89C9-8FBE05C67B18}.Release|arm64.Build.0 = Release|arm64
		{AE612925-34CF-420C-89C9-8FBE05C67B18}.Release|x64.ActiveCfg = Release|x64
		{AE612925-34CF-420C-89C9-8FBE05C67B18}.Release|x64.Build.0 = Release|x64
		{AE612925-34CF-420C-89C9-8FBE05C67B18}.Release|x86.ActiveCfg = Release|Win32
		{AE612925-34CF-420C-89C9-8FBE05C67B18}.Release|x86.Build.0 = Release|Win32
		{FC3E4BA7-72D2-42B8-B0A1-0C6FE1396E46}.Debug|arm64.ActiveCfg = Debug|arm64
		{FC3E4BA7-72D2-42B8-B0A1-0C6FE1396E46}.Debug|arm64.Build.0 = Debug|arm64
		{FC3E4BA7-72D2-42B8-B0A1-0C6FE1396E46}.Debug|x64.ActiveCfg = Debug|x64
		{FC3E4BA7-72D2-42B8-B0A1-0C6FE1396E46}.Debug|x64.Build.0 = Debug|x64
		{FC3E4BA7-72D2-42B8-B0A1-0C6FE1396E46}.Debug|x86.ActiveCfg = Debug|Win32
		{FC3E4BA7-72D2-42B8-B0A1-0C6FE1396E46}.Debug|x86.Build.0 = Debug|Win32
		{FC3E4BA7-72D2-42B8-B0A1-0C6FE1396E46}.Release|arm64.ActiveCfg = Release|arm64
		{FC3E4BA7-72D2-42B8-B0A1-0C6FE1396E46}.Release|arm64.Build.0 = Release|arm64
		{FC3E4BA7-72D2-42B8-B0A1-0C6FE1396E46}.Release|x64.ActiveCfg = Release|x64
		{FC3E4BA7-72D2-42B8-B0A1-0C6FE1396E46}.Release|x64.Build.0 = Release|x64
		{FC3E4BA7-72D2-42B8-B0A1-0C6FE1396E46}.Release|x86.ActiveCfg = Release|Win32
		{FC3E4BA7-72D2-42B8-B0A1-0C6FE1396E46}.Release|x86.Build.0 = Release|Win32
		{3BA59E17-CDCE-44D4-A5FE-6A434D34ED60}.Debug|arm64.ActiveCfg = Debug|arm64
		{3BA59E17-CDCE-44D4-A5FE-6A434D34ED60}.Debug|arm64.Build.0 = Debug|arm64
		{3BA59E17-CDCE-44D4-A5FE-6A434D34ED60}.Debug|x64.ActiveCfg = Debug|x64
		{3BA59E17-CDCE-44D4-A5FE-6A434D34ED60}.Debug|x64.Build.0 = Debug|x64
		{3BA59E17-CDCE-44D4-A5FE-6A434D34ED60}.Debug|x86.ActiveCfg = Debug|Win32
		{3BA59E17-CDCE-44D4-A5FE-6A434D34ED60}.Debug|x86.Build.0 = Debug|Win32
		{3BA59E17-CDCE-44D4-A5FE-6A434D34ED60}.Release|arm64.ActiveCfg = Release|arm64
		{3BA59E17-CDCE-44D4-A5FE-6A434D34ED60}.Release|arm64.Build.0 = Release|arm64
		{3BA59E17-CDCE-44D4-A5FE-6A434D34ED60}.Release|x64.ActiveCfg = Release|x64
		{3BA59E17-CDCE-44D4-A5FE-6A434D34ED60}.Release|x64.Build.0 = Release|x64
		{3BA59E17-CDCE-44D4-A5FE-6A434D34ED60}.Release|x86.ActiveCfg = Release|Win32
		{3BA59E17-CDCE-44D4-A5FE-6A434D34ED60}.Release|x86.Build.0 = Release|Win32
		{CA7BCC7E-EA20-495D-95D3-8EABC7BAD959}.Debug|arm64.ActiveCfg = Debug|arm64
		{CA7BCC7E-EA20-495D-95D3-8EABC7BAD959}.Debug|arm64.Build.0 = Debug|arm64
		{CA7BCC7E-EA20-495D-95D3-8EABC7BAD959}.Debug|x64.ActiveCfg = Debug|x64
		{CA7BCC7E-EA20-495D-95D3-8EABC7BAD959}.Debug|x64.Build.0 = Debug|x64
		{CA7BCC7E-EA20-495D-95D3-8EABC7BAD959}.Debug|x86.ActiveCfg = Debug|Win32
		{CA7BCC7E-EA20-495D-95D3-8EABC7BAD959}.Debug|x86.Build.0 = Debug|Win32
		{CA7BCC7E-EA20-495D-95D3-8EABC7BAD959}.Release|arm64.ActiveCfg = Release|arm64
		{CA7BCC7E-EA20-495D-95D3-8EABC7BAD959}.Release|arm64.Build.0 = Release|arm64
		{CA7BCC7E-EA20-495D-95D3-8EABC7BAD959}.Release|x64.ActiveCfg = Release|x64
		{CA7BCC7E-EA20-495D-95D3-8EABC7BAD959}.Release|x64.Build.0 = Release|x64
		{CA7BCC7E-EA20-495D-95D3-8EABC7BAD959}.Release|x86.ActiveCfg = Release|Win32
		{CA7BCC7E-EA20-495D-95D3-8EABC7BAD959}.Release|x86.Build.0 = Release|Win32
		{FF24BBCB-ECC6-4834-A227-A0DAED23B1BB}.Debug|arm64.ActiveCfg = Debug|arm64
		{FF24BBCB-ECC6-4834-A227-A0DAED23B1BB}.Debug|arm64.Build.0 = Debug|arm64
		{FF24BBCB-ECC6-4834-A227-A0DAED23B1BB}.Debug|x64.ActiveCfg = Debug|x64
		{FF24BBCB-ECC6-4834-A227-A0DAED23B1BB}.Debug|x64.Build.0 = Debug|x64
		{FF24BBCB-ECC6-4834-A227-A0DAED23B1BB}.Debug|x86.ActiveCfg = Debug|Win32
		{FF24BBCB-ECC6-4834-A227-A0DAED23B1BB}.Debug|x86.Build.0 = Debug|Win32
		{FF24BBCB-ECC6-4834-A227-A0DAED23B1BB}.Release|arm64.ActiveCfg = Release|arm64
		{FF24BBCB-ECC6-4834-A227-A0DAED23B1BB}.Release|arm64.Build.0 = Release|arm64
		{FF24BBCB-ECC6-4834-A227-A0DAED23B1BB}.Release|x64.ActiveCfg = Release|x64
		{FF24BBCB-ECC6-4834-A227-A0DAED23B1BB}.Release|x64.Build.0 = Release|x64
		{FF24BBCB-ECC6-4834-A227-A0DAED23B1BB}.Release|x86.ActiveCfg = Release|Win32
		{FF24BBCB-ECC6-4834-A227-A0DAED23B1BB}.Release|x86.Build.0 = Release|Win32
		{ADD21ACC-C5FE-435B-B1B2-347535111B50}.Debug|arm64.ActiveCfg = Debug|arm64
		{ADD21ACC-C5FE-435B-B1B2-347535111B50}.Debug|arm64.Build.0 = Debug|arm64
		{ADD21ACC-C5FE-435B-B1B2-347535111B50}.Debug|x64.ActiveCfg = Debug|x64
		{ADD21ACC-C5FE-435B-B1B2-347535111B50}.Debug|x64.Build.0 = Debug|x64
		{ADD21ACC-C5FE-435B-B1B2-347535111B50}.Debug|x86.ActiveCfg = Debug|Win32
		{ADD21ACC-C5FE-435B-B1B2-347535111B50}.Debug|x86.Build.0 = Debug|Win32
		{ADD21ACC-C5FE-435B-B1B2-347535111B50}.Release|arm64.ActiveCfg = Release|arm64
		{ADD21ACC-C5FE-435B-B1B2-347535111B50}.Release|arm64.Build.0 = Release|arm64
		{ADD21ACC-C5FE-435B-B1B2-347535111B50}.Release|x64.ActiveCfg = Release|x64
		{ADD21ACC-C5FE-435B-B1B2-347535111B50}.Release|x64.Build.0 = Release|x64
		{ADD21ACC-C5FE-435B-B1B2-347535111B50}.Release|x86.ActiveCfg = Release|Win32
		{ADD21ACC-C5FE-435B-B1B2-347535111B50}.Release|x86.Build.0 = Release|Win32
		{B9B7A6F0-4C35-40E2-AB00-EF3D8EBBFCA6}.Debug|arm64.ActiveCfg = Debug|arm64
		{B9B7A6F0-4C35-40E2-AB00-EF3D8EBBFCA6}.Debug|arm64.Build.0 = Debug|arm64
		{B9B7A6F0-4C35-40E2-AB00-EF3D8EBBFCA6}.Debug|x64.ActiveCfg = Debug|x64
		{B9B7A6F0-4C35-40E2-AB00-EF3D8EBBFCA6}.Debug|x64.Build.0 = Debug|x64
		{B9B7A6F0-4C35-40E2-AB00-EF3D8EBBFCA6}.Debug|x86.ActiveCfg = Debug|Win32
		{B9B7A6F0-4C35-40E2-AB00-EF3D8EBBFCA6}.Debug|x86.Build.0 = Debug|Win32
		{B9B7A6F0-4C35-40E2-AB00-EF3D8EBBFCA6}.Release|arm64.ActiveCfg = Release|arm64
		{B9B7A6F0-4C35-40E2-AB00-EF3D8EBBFCA6}.Release|arm64.Build.0 = Release|arm64
		{B9B7A6F0-4C35-40E2-AB00-EF3D8EBBFCA6}.Release|x64.ActiveCfg = Release|x64
		{B9B7A6F0-4C35-40E2-AB00-EF3D8EBBFCA6}.Release|x64.Build.0 = Release|x64
		{B9B7A6F0-4C35-40E2-AB00-EF3D8EBBFCA6}.Release|x86.ActiveCfg = Release|Win32
		{B9B7A6F0-4C35-40E2-AB00-EF3D8EBBFCA6}.Release|x86.Build.0 = Release|Win32
		{743487D1-D7D8-4077-8C00-66CC8AF96DE9}.Debug|arm64.ActiveCfg = Debug|arm64
		{743487D1-D7D8-4077-8C00-66CC8AF96DE9}.Debug|arm64.Build.0 = Debug|arm64
		{743487D1-D7D8-4077-8C00-66CC8AF96DE9}.Debug|x64.ActiveCfg = Debug|x64
		{743487D1-D7D8-4077-8C00-66CC8AF96DE9}.Debug|x64.Build.0 = Debug|x64
		{743487D1-D7D8-4077-8C00-66CC8AF96DE9}.Debug|x86.ActiveCfg = Debug|Win32
		{743487D1-D7D8-4077-8C00-66CC8AF96DE9}.Debug|x86.Build.0 = Debug|Win32
		{743487D1-D7D8-4077-8C00-66CC8AF96DE9}.Release|arm64.ActiveCfg = Release|arm64
		{743487D1-D7D8-4077-8C00-66CC8AF96DE9}.Release|arm64.Build.0 = Release|arm64
		{743487D1-D7D8-4077-8C00-66CC8AF96DE9}.Release|x64.ActiveCfg = Release|x64
		{743487D1-D7D8-4077-8C00-66CC8AF96DE9}.Release|x64.Build.0 = Release|x64
		{743487D1-D7D8-4077-8C00-66CC8AF96DE9}.Release|x86.ActiveCfg = Release|Win32
		{743487D1-D7D8-4077-8C00-66CC8AF96DE9}.Release|x86.Build.0 = Release|Win32
		{B9943472-B091-4535-A12C-23B392C1679F}.Debug|arm64.ActiveCfg = Debug|arm64
		{B9943472-B091-4535-A12C-23B392C1679F}.Debug|arm64.Build.0 = Debug|arm64
		{B9943472-B091-4535-A12C-23B392C1679F}.Debug|x64.ActiveCfg = Debug|x64
		{B9943472-B091-4535-A12C-23B392C1679F}.Debug|x64.Build.0 = Debug|x64
		{B9943472-B091-4535-A12C-23B392C1679F}.Debug|x86.ActiveCfg = Debug|Win32
		{B9943472-B091-4535-A12C-23B392C1679F}.Debug|x86.Build.0 = Debug|Win32
		{B9943472-B091-4535-A12C-23B392C1679F}.Release|arm64.ActiveCfg = Release|arm64
		{B9943472-B091-4535-A12C-23B392C1679F}.Release|arm64.Build.0 = Release|arm64
		{B9943472-B091-4535-A12C-23B392C1679F}.Release|x64.ActiveCfg = Release|x64
		{B9943472-B091-4535-A12C-23B392C1679F}.Release|x64.Build.0 = Release|x64
		{B9943472-B091-4535-A12C-23B392C1679F}.Release|x86.ActiveCfg = Release|Win32
		{B9943472-B091-4535-A12C-23B392C1679F}.Release|x86.Build.0 = Release|Win32
		{76AE87F4-A2E9-43B5-A5FD-D792B112C597}.Debug|arm64.ActiveCfg = Debug|arm64
		{76AE87F4-A2E9-43B5-A5FD-D792B112C597}.Debug|arm64.Build.0 = Debug|arm64
		{76AE87F4-A2E9-43B5-A5FD-D792B112C597}.Debug|x64.ActiveCfg = Debug|x64
		{76AE87F4-A2E9-43B5-A5FD-D792B112C597}.Debug|x64.Build.0 = Debug|x64
		{76AE87F4-A2E9-43B5-A5FD-D792B112C597}.Debug|x86.ActiveCfg = Debug|Win32
		{76AE87F4-A2E9-43B5-A5FD-D792B112C597}.Debug|x86.Build.0 = Debug|Win32
		{76AE87F4-A2E9-43B5-A5FD-D792B112C597}.Release|arm64.ActiveCfg = Release|arm64
		{76AE87F4-A2E9-43B5-A5FD-D792B112C597}.Release|arm64.Build.0 = Release|arm64
		{76AE87F4-A2E9-43B5-A5FD-D792B112C597}.Release|x64.ActiveCfg = Release|x64
		{76AE87F4-A2E9-43B5-A5FD-D792B112C597}.Release|x64.Build.0 = Release|x64
		{76AE87F4-A2E9-43B5-A5FD-D792B112C597}.Release|x86.ActiveCfg = Release|Win32
		{76AE87F4-A2E9-43B5-A5FD-D792B112C597}.Release|x86.Build.0 = Release|Win32
		{BE235057-8246-4C20-BBAE-A3462E2C3C4B}.Debug|arm64.ActiveCfg = Debug|arm64
		{BE235057-8246-4C20-BBAE-A3462E2C3C4B}.Debug|arm64.Build.0 = Debug|arm64
		{BE235057-8246-4C20-BBAE-A3462E2C3C4B}.Debug|x64.ActiveCfg = Debug|x64
		{BE235057-8246-4C20-BBAE-A3462E2C3C4B}.Debug|x64.Build.0 = Debug|x64
		{BE235057-8246-4C20-BBAE-A3462E2C3C4B}.Debug|x86.ActiveCfg = Debug|Win32
		{BE235057-8246-4C20-BBAE-A3462E2C3C4B}.Debug|x86.Build.0 = Debug|Win32
		{BE235057-8246-4C20-BBAE-A3462E2C3C4B}.Release|arm64.ActiveCfg = Release|arm64
		{BE235057-8246-4C20-BBAE-A3462E2C3C4B}.Release|arm64.Build.0 = Release|arm64
		{BE235057-8246-4C20-BBAE-A3462E2C3C4B}.Release|x64.ActiveCfg = Release|x64
		{BE235057-8246-4C20-BBAE-A3462E2C3C4B}.Release|x64.Build.0 = Release|x64
		{BE235057-8246-4C20-BBAE-A3462E2C3C4B}.Release|x86.ActiveCfg = Release|Win32
		{BE235057-8246-4C20-BBAE-A3462E2C3C4B}.Release|x86.Build.0 = Release|Win32
		{63E868CC-9630-44D3-8CA5-A272F97E6F3B}.Debug|arm64.ActiveCfg = Debug|arm64
		{63E868CC-9630-44D3-8CA5-A272F97E6F3B}.Debug|arm64.Build.0 = Debug|arm64
		{63E868CC-9630-44D3-8CA5-A272F97E6F3B}.Debug|x64.ActiveCfg = Debug|x64
		{63E868CC-9630-44D3-8CA5-A272F97E6F3B}.Debug|x64.Build.0 = Debug|x64
		{63E868CC-9630-44D3-8CA5-A272F97E6F3B}.Debug|x86.ActiveCfg = Debug|Win32
		{63E868CC-9630-44D3-8CA5-A272F97E6F3B}.Debug|x86.Build.0 = Debug|Win32
		{63E868CC-9630-44D3-8CA5-A272F97E6F3B}.Release|arm64.ActiveCfg = Release|arm64
		{63E868CC-9630-44D3-8CA5-A272F97E6F3B}.Release|arm64.Build.0 = Release|arm64
		{63E868CC-9630-44D3-8CA5-A272F97E6F3B}.Release|x64.ActiveCfg = Release|x64
		{63E868CC-9630-44D3-8CA5-A272F97E6F3B}.Release|x64.Build.0 = Release|x64
		{63E868CC-9630-44D3-8CA5-A272F97E6F3B}.Release|x86.ActiveCfg = Release|Win32
		{63E868CC-9630-44D3-8CA5-A272F97E6F3B}.Release|x86.Build.0 = Release|Win32
	EndGlobalSection
	GlobalSection(SolutionProperties) = preSolution
		HideSolutionNode = FALSE
	EndGlobalSection
	GlobalSection(ExtensibilityGlobals) = postSolution
		SolutionGuid = {92A4DA82-DD3F-4A65-A9E9-E897834882B1}
	EndGlobalSection
EndGlobal
